// !$*UTF8*$!
{
	archiveVersion = 1;
	classes = {
	};
	objectVersion = 46;
	objects = {

/* Begin PBXBuildFile section */
		606CA7961A5B36B500EACEFE /* main.m in Sources */ = {isa = PBXBuildFile; fileRef = 606CA7951A5B36B500EACEFE /* main.m */; };
		606CA7991A5B36B500EACEFE /* AppDelegate.m in Sources */ = {isa = PBXBuildFile; fileRef = 606CA7981A5B36B500EACEFE /* AppDelegate.m */; };
		606CA79C1A5B36B500EACEFE /* ViewController.m in Sources */ = {isa = PBXBuildFile; fileRef = 606CA79B1A5B36B500EACEFE /* ViewController.m */; };
		606CA79F1A5B36B500EACEFE /* Main.storyboard in Resources */ = {isa = PBXBuildFile; fileRef = 606CA79D1A5B36B500EACEFE /* Main.storyboard */; };
		606CA7A11A5B36B500EACEFE /* Images.xcassets in Resources */ = {isa = PBXBuildFile; fileRef = 606CA7A01A5B36B500EACEFE /* Images.xcassets */; };
		606CA7A41A5B36B500EACEFE /* LaunchScreen.xib in Resources */ = {isa = PBXBuildFile; fileRef = 606CA7A21A5B36B500EACEFE /* LaunchScreen.xib */; };
		606CA7B01A5B36B600EACEFE /* MultiplyTests.m in Sources */ = {isa = PBXBuildFile; fileRef = 606CA7AF1A5B36B600EACEFE /* MultiplyTests.m */; };
/* End PBXBuildFile section */

/* Begin PBXContainerItemProxy section */
		606CA7AA1A5B36B600EACEFE /* PBXContainerItemProxy */ = {
			isa = PBXContainerItemProxy;
			containerPortal = 606CA7881A5B36B500EACEFE /* Project object */;
			proxyType = 1;
			remoteGlobalIDString = 606CA78F1A5B36B500EACEFE;
			remoteInfo = Multiply;
		};
/* End PBXContainerItemProxy section */

/* Begin PBXFileReference section */
		606CA7901A5B36B500EACEFE /* Multiply.app */ = {isa = PBXFileReference; explicitFileType = wrapper.application; includeInIndex = 0; path = Multiply.app; sourceTree = BUILT_PRODUCTS_DIR; };
		606CA7941A5B36B500EACEFE /* Info.plist */ = {isa = PBXFileReference; lastKnownFileType = text.plist.xml; path = Info.plist; sourceTree = "<group>"; };
		606CA7951A5B36B500EACEFE /* main.m */ = {isa = PBXFileReference; lastKnownFileType = sourcecode.c.objc; path = main.m; sourceTree = "<group>"; };
		606CA7971A5B36B500EACEFE /* AppDelegate.h */ = {isa = PBXFileReference; lastKnownFileType = sourcecode.c.h; path = AppDelegate.h; sourceTree = "<group>"; };
		606CA7981A5B36B500EACEFE /* AppDelegate.m */ = {isa = PBXFileReference; lastKnownFileType = sourcecode.c.objc; path = AppDelegate.m; sourceTree = "<group>"; };
		606CA79A1A5B36B500EACEFE /* ViewController.h */ = {isa = PBXFileReference; lastKnownFileType = sourcecode.c.h; path = ViewController.h; sourceTree = "<group>"; };
		606CA79B1A5B36B500EACEFE /* ViewController.m */ = {isa = PBXFileReference; lastKnownFileType = sourcecode.c.objc; path = ViewController.m; sourceTree = "<group>"; };
		606CA79E1A5B36B500EACEFE /* Base */ = {isa = PBXFileReference; lastKnownFileType = file.storyboard; name = Base; path = Base.lproj/Main.storyboard; sourceTree = "<group>"; };
		606CA7A01A5B36B500EACEFE /* Images.xcassets */ = {isa = PBXFileReference; lastKnownFileType = folder.assetcatalog; path = Images.xcassets; sourceTree = "<group>"; };
		606CA7A31A5B36B500EACEFE /* Base */ = {isa = PBXFileReference; lastKnownFileType = file.xib; name = Base; path = Base.lproj/LaunchScreen.xib; sourceTree = "<group>"; };
		606CA7A91A5B36B600EACEFE /* MultiplyTests.xctest */ = {isa = PBXFileReference; explicitFileType = wrapper.cfbundle; includeInIndex = 0; path = MultiplyTests.xctest; sourceTree = BUILT_PRODUCTS_DIR; };
		606CA7AE1A5B36B600EACEFE /* Info.plist */ = {isa = PBXFileReference; lastKnownFileType = text.plist.xml; path = Info.plist; sourceTree = "<group>"; };
		606CA7AF1A5B36B600EACEFE /* MultiplyTests.m */ = {isa = PBXFileReference; lastKnownFileType = sourcecode.c.objc; path = MultiplyTests.m; sourceTree = "<group>"; };
/* End PBXFileReference section */

/* Begin PBXFrameworksBuildPhase section */
		606CA78D1A5B36B500EACEFE /* Frameworks */ = {
			isa = PBXFrameworksBuildPhase;
			buildActionMask = 2147483647;
			files = (
			);
			runOnlyForDeploymentPostprocessing = 0;
		};
		606CA7A61A5B36B600EACEFE /* Frameworks */ = {
			isa = PBXFrameworksBuildPhase;
			buildActionMask = 2147483647;
			files = (
			);
			runOnlyForDeploymentPostprocessing = 0;
		};
/* End PBXFrameworksBuildPhase section */

/* Begin PBXGroup section */
		606CA7871A5B36B500EACEFE = {
			isa = PBXGroup;
			children = (
				606CA7921A5B36B500EACEFE /* Multiply */,
				606CA7AC1A5B36B600EACEFE /* MultiplyTests */,
				606CA7911A5B36B500EACEFE /* Products */,
			);
			sourceTree = "<group>";
		};
		606CA7911A5B36B500EACEFE /* Products */ = {
			isa = PBXGroup;
			children = (
				606CA7901A5B36B500EACEFE /* Multiply.app */,
				606CA7A91A5B36B600EACEFE /* MultiplyTests.xctest */,
			);
			name = Products;
			sourceTree = "<group>";
		};
		606CA7921A5B36B500EACEFE /* Multiply */ = {
			isa = PBXGroup;
			children = (
				606CA7971A5B36B500EACEFE /* AppDelegate.h */,
				606CA7981A5B36B500EACEFE /* AppDelegate.m */,
				606CA79A1A5B36B500EACEFE /* ViewController.h */,
				606CA79B1A5B36B500EACEFE /* ViewController.m */,
				606CA79D1A5B36B500EACEFE /* Main.storyboard */,
				606CA7A01A5B36B500EACEFE /* Images.xcassets */,
				606CA7A21A5B36B500EACEFE /* LaunchScreen.xib */,
				606CA7931A5B36B500EACEFE /* Supporting Files */,
			);
			path = Multiply;
			sourceTree = "<group>";
		};
		606CA7931A5B36B500EACEFE /* Supporting Files */ = {
			isa = PBXGroup;
			children = (
				606CA7941A5B36B500EACEFE /* Info.plist */,
				606CA7951A5B36B500EACEFE /* main.m */,
			);
			name = "Supporting Files";
			sourceTree = "<group>";
		};
		606CA7AC1A5B36B600EACEFE /* MultiplyTests */ = {
			isa = PBXGroup;
			children = (
				606CA7AF1A5B36B600EACEFE /* MultiplyTests.m */,
				606CA7AD1A5B36B600EACEFE /* Supporting Files */,
			);
			path = MultiplyTests;
			sourceTree = "<group>";
		};
		606CA7AD1A5B36B600EACEFE /* Supporting Files */ = {
			isa = PBXGroup;
			children = (
				606CA7AE1A5B36B600EACEFE /* Info.plist */,
			);
			name = "Supporting Files";
			sourceTree = "<group>";
		};
/* End PBXGroup section */

/* Begin PBXNativeTarget section */
		606CA78F1A5B36B500EACEFE /* Multiply */ = {
			isa = PBXNativeTarget;
			buildConfigurationList = 606CA7B31A5B36B600EACEFE /* Build configuration list for PBXNativeTarget "Multiply" */;
			buildPhases = (
				606CA78C1A5B36B500EACEFE /* Sources */,
				606CA78D1A5B36B500EACEFE /* Frameworks */,
				606CA78E1A5B36B500EACEFE /* Resources */,
			);
			buildRules = (
			);
			dependencies = (
			);
			name = Multiply;
			productName = Multiply;
			productReference = 606CA7901A5B36B500EACEFE /* Multiply.app */;
			productType = "com.apple.product-type.application";
		};
		606CA7A81A5B36B600EACEFE /* MultiplyTests */ = {
			isa = PBXNativeTarget;
			buildConfigurationList = 606CA7B61A5B36B600EACEFE /* Build configuration list for PBXNativeTarget "MultiplyTests" */;
			buildPhases = (
				606CA7A51A5B36B600EACEFE /* Sources */,
				606CA7A61A5B36B600EACEFE /* Frameworks */,
				606CA7A71A5B36B600EACEFE /* Resources */,
			);
			buildRules = (
			);
			dependencies = (
				606CA7AB1A5B36B600EACEFE /* PBXTargetDependency */,
			);
			name = MultiplyTests;
			productName = MultiplyTests;
			productReference = 606CA7A91A5B36B600EACEFE /* MultiplyTests.xctest */;
			productType = "com.apple.product-type.bundle.unit-test";
		};
/* End PBXNativeTarget section */

/* Begin PBXProject section */
		606CA7881A5B36B500EACEFE /* Project object */ = {
			isa = PBXProject;
			attributes = {
				LastUpgradeCheck = 0610;
				ORGANIZATIONNAME = "Yi-Chin Sun";
				TargetAttributes = {
					606CA78F1A5B36B500EACEFE = {
						CreatedOnToolsVersion = 6.1.1;
					};
					606CA7A81A5B36B600EACEFE = {
						CreatedOnToolsVersion = 6.1.1;
						TestTargetID = 606CA78F1A5B36B500EACEFE;
					};
				};
			};
			buildConfigurationList = 606CA78B1A5B36B500EACEFE /* Build configuration list for PBXProject "Multiply" */;
			compatibilityVersion = "Xcode 3.2";
			developmentRegion = English;
			hasScannedForEncodings = 0;
			knownRegions = (
				en,
				Base,
			);
			mainGroup = 606CA7871A5B36B500EACEFE;
			productRefGroup = 606CA7911A5B36B500EACEFE /* Products */;
			projectDirPath = "";
			projectRoot = "";
			targets = (
				606CA78F1A5B36B500EACEFE /* Multiply */,
				606CA7A81A5B36B600EACEFE /* MultiplyTests */,
			);
		};
/* End PBXProject section */

/* Begin PBXResourcesBuildPhase section */
		606CA78E1A5B36B500EACEFE /* Resources */ = {
			isa = PBXResourcesBuildPhase;
			buildActionMask = 2147483647;
			files = (
				606CA79F1A5B36B500EACEFE /* Main.storyboard in Resources */,
				606CA7A41A5B36B500EACEFE /* LaunchScreen.xib in Resources */,
				606CA7A11A5B36B500EACEFE /* Images.xcassets in Resources */,
			);
			runOnlyForDeploymentPostprocessing = 0;
		};
		606CA7A71A5B36B600EACEFE /* Resources */ = {
			isa = PBXResourcesBuildPhase;
			buildActionMask = 2147483647;
			files = (
			);
			runOnlyForDeploymentPostprocessing = 0;
		};
/* End PBXResourcesBuildPhase section */

/* Begin PBXSourcesBuildPhase section */
		606CA78C1A5B36B500EACEFE /* Sources */ = {
			isa = PBXSourcesBuildPhase;
			buildActionMask = 2147483647;
			files = (
				606CA79C1A5B36B500EACEFE /* ViewController.m in Sources */,
				606CA7991A5B36B500EACEFE /* AppDelegate.m in Sources */,
				606CA7961A5B36B500EACEFE /* main.m in Sources */,
			);
			runOnlyForDeploymentPostprocessing = 0;
		};
		606CA7A51A5B36B600EACEFE /* Sources */ = {
			isa = PBXSourcesBuildPhase;
			buildActionMask = 2147483647;
			files = (
				606CA7B01A5B36B600EACEFE /* MultiplyTests.m in Sources */,
			);
			runOnlyForDeploymentPostprocessing = 0;
		};
/* End PBXSourcesBuildPhase section */

/* Begin PBXTargetDependency section */
		606CA7AB1A5B36B600EACEFE /* PBXTargetDependency */ = {
			isa = PBXTargetDependency;
			target = 606CA78F1A5B36B500EACEFE /* Multiply */;
			targetProxy = 606CA7AA1A5B36B600EACEFE /* PBXContainerItemProxy */;
		};
/* End PBXTargetDependency section */

/* Begin PBXVariantGroup section */
		606CA79D1A5B36B500EACEFE /* Main.storyboard */ = {
			isa = PBXVariantGroup;
			children = (
				606CA79E1A5B36B500EACEFE /* Base */,
			);
			name = Main.storyboard;
			sourceTree = "<group>";
		};
		606CA7A21A5B36B500EACEFE /* LaunchScreen.xib */ = {
			isa = PBXVariantGroup;
			children = (
				606CA7A31A5B36B500EACEFE /* Base */,
			);
			name = LaunchScreen.xib;
			sourceTree = "<group>";
		};
/* End PBXVariantGroup section */

/* Begin XCBuildConfiguration section */
		606CA7B11A5B36B600EACEFE /* Debug */ = {
			isa = XCBuildConfiguration;
			buildSettings = {
				ALWAYS_SEARCH_USER_PATHS = NO;
				CLANG_CXX_LANGUAGE_STANDARD = "gnu++0x";
				CLANG_CXX_LIBRARY = "libc++";
				CLANG_ENABLE_MODULES = YES;
				CLANG_ENABLE_OBJC_ARC = YES;
				CLANG_WARN_BOOL_CONVERSION = YES;
				CLANG_WARN_CONSTANT_CONVERSION = YES;
				CLANG_WARN_DIRECT_OBJC_ISA_USAGE = YES_ERROR;
				CLANG_WARN_EMPTY_BODY = YES;
				CLANG_WARN_ENUM_CONVERSION = YES;
				CLANG_WARN_INT_CONVERSION = YES;
				CLANG_WARN_OBJC_ROOT_CLASS = YES_ERROR;
				CLANG_WARN_UNREACHABLE_CODE = YES;
				CLANG_WARN__DUPLICATE_METHOD_MATCH = YES;
				"CODE_SIGN_IDENTITY[sdk=iphoneos*]" = "iPhone Developer";
				COPY_PHASE_STRIP = NO;
				ENABLE_STRICT_OBJC_MSGSEND = YES;
				GCC_C_LANGUAGE_STANDARD = gnu99;
				GCC_DYNAMIC_NO_PIC = NO;
				GCC_OPTIMIZATION_LEVEL = 0;
				GCC_PREPROCESSOR_DEFINITIONS = (
					"DEBUG=1",
					"$(inherited)",
				);
				GCC_SYMBOLS_PRIVATE_EXTERN = NO;
				GCC_WARN_64_TO_32_BIT_CONVERSION = YES;
				GCC_WARN_ABOUT_RETURN_TYPE = YES_ERROR;
				GCC_WARN_UNDECLARED_SELECTOR = YES;
				GCC_WARN_UNINITIALIZED_AUTOS = YES_AGGRESSIVE;
				GCC_WARN_UNUSED_FUNCTION = YES;
				GCC_WARN_UNUSED_VARIABLE = YES;
				IPHONEOS_DEPLOYMENT_TARGET = 8.1;
				MTL_ENABLE_DEBUG_INFO = YES;
				ONLY_ACTIVE_ARCH = YES;
				SDKROOT = iphoneos;
			};
			name = Debug;
		};
		606CA7B21A5B36B600EACEFE /* Release */ = {
			isa = XCBuildConfiguration;
			buildSettings = {
				ALWAYS_SEARCH_USER_PATHS = NO;
				CLANG_CXX_LANGUAGE_STANDARD = "gnu++0x";
				CLANG_CXX_LIBRARY = "libc++";
				CLANG_ENABLE_MODULES = YES;
				CLANG_ENABLE_OBJC_ARC = YES;
				CLANG_WARN_BOOL_CONVERSION = YES;
				CLANG_WARN_CONSTANT_CONVERSION = YES;
				CLANG_WARN_DIRECT_OBJC_ISA_USAGE = YES_ERROR;
				CLANG_WARN_EMPTY_BODY = YES;
				CLANG_WARN_ENUM_CONVERSION = YES;
				CLANG_WARN_INT_CONVERSION = YES;
				CLANG_WARN_OBJC_ROOT_CLASS = YES_ERROR;
				CLANG_WARN_UNREACHABLE_CODE = YES;
				CLANG_WARN__DUPLICATE_METHOD_MATCH = YES;
				"CODE_SIGN_IDENTITY[sdk=iphoneos*]" = "iPhone Developer";
				COPY_PHASE_STRIP = YES;
				ENABLE_NS_ASSERTIONS = NO;
				ENABLE_STRICT_OBJC_MSGSEND = YES;
				GCC_C_LANGUAGE_STANDARD = gnu99;
				GCC_WARN_64_TO_32_BIT_CONVERSION = YES;
				GCC_WARN_ABOUT_RETURN_TYPE = YES_ERROR;
				GCC_WARN_UNDECLARED_SELECTOR = YES;
				GCC_WARN_UNINITIALIZED_AUTOS = YES_AGGRESSIVE;
				GCC_WARN_UNUSED_FUNCTION = YES;
				GCC_WARN_UNUSED_VARIABLE = YES;
				IPHONEOS_DEPLOYMENT_TARGET = 8.1;
				MTL_ENABLE_DEBUG_INFO = NO;
				SDKROOT = iphoneos;
				VALIDATE_PRODUCT = YES;
			};
			name = Release;
		};
		606CA7B41A5B36B600EACEFE /* Debug */ = {
			isa = XCBuildConfiguration;
			buildSettings = {
				ASSETCATALOG_COMPILER_APPICON_NAME = AppIcon;
				INFOPLIST_FILE = Multiply/Info.plist;
				LD_RUNPATH_SEARCH_PATHS = "$(inherited) @executable_path/Frameworks";
				PRODUCT_NAME = "$(TARGET_NAME)";
			};
			name = Debug;
		};
		606CA7B51A5B36B600EACEFE /* Release */ = {
			isa = XCBuildConfiguration;
			buildSettings = {
				ASSETCATALOG_COMPILER_APPICON_NAME = AppIcon;
				INFOPLIST_FILE = Multiply/Info.plist;
				LD_RUNPATH_SEARCH_PATHS = "$(inherited) @executable_path/Frameworks";
				PRODUCT_NAME = "$(TARGET_NAME)";
			};
			name = Release;
		};
		606CA7B71A5B36B600EACEFE /* Debug */ = {
			isa = XCBuildConfiguration;
			buildSettings = {
				BUNDLE_LOADER = "$(TEST_HOST)";
				FRAMEWORK_SEARCH_PATHS = (
					"$(SDKROOT)/Developer/Library/Frameworks",
					"$(inherited)",
				);
				GCC_PREPROCESSOR_DEFINITIONS = (
					"DEBUG=1",
					"$(inherited)",
				);
				INFOPLIST_FILE = MultiplyTests/Info.plist;
				LD_RUNPATH_SEARCH_PATHS = "$(inherited) @executable_path/Frameworks @loader_path/Frameworks";
				PRODUCT_NAME = "$(TARGET_NAME)";
				TEST_HOST = "$(BUILT_PRODUCTS_DIR)/Multiply.app/Multiply";
			};
			name = Debug;
		};
		606CA7B81A5B36B600EACEFE /* Release */ = {
			isa = XCBuildConfiguration;
			buildSettings = {
				BUNDLE_LOADER = "$(TEST_HOST)";
				FRAMEWORK_SEARCH_PATHS = (
					"$(SDKROOT)/Developer/Library/Frameworks",
					"$(inherited)",
				);
				INFOPLIST_FILE = MultiplyTests/Info.plist;
				LD_RUNPATH_SEARCH_PATHS = "$(inherited) @executable_path/Frameworks @loader_path/Frameworks";
				PRODUCT_NAME = "$(TARGET_NAME)";
				TEST_HOST = "$(BUILT_PRODUCTS_DIR)/Multiply.app/Multiply";
			};
			name = Release;
		};
/* End XCBuildConfiguration section */

/* Begin XCConfigurationList section */
		606CA78B1A5B36B500EACEFE /* Build configuration list for PBXProject "Multiply" */ = {
			isa = XCConfigurationList;
			buildConfigurations = (
				606CA7B11A5B36B600EACEFE /* Debug */,
				606CA7B21A5B36B600EACEFE /* Release */,
			);
			defaultConfigurationIsVisible = 0;
			defaultConfigurationName = Release;
		};
		606CA7B31A5B36B600EACEFE /* Build configuration list for PBXNativeTarget "Multiply" */ = {
			isa = XCConfigurationList;
			buildConfigurations = (
				606CA7B41A5B36B600EACEFE /* Debug */,
				606CA7B51A5B36B600EACEFE /* Release */,
			);
			defaultConfigurationIsVisible = 0;
		};
		606CA7B61A5B36B600EACEFE /* Build configuration list for PBXNativeTarget "MultiplyTests" */ = {
			isa = XCConfigurationList;
			buildConfigurations = (
				606CA7B71A5B36B600EACEFE /* Debug */,
				606CA7B81A5B36B600EACEFE /* Release */,
			);
			defaultConfigurationIsVisible = 0;
		};
/* End XCConfigurationList section */
	};
	rootObject = 606CA7881A5B36B500EACEFE /* Project object */;
}
